{
   "name": "node-thrift-poc",
   "requires": true,
   "lockfileVersion": 1,
   "dependencies": {
      "axios": {
         "version": "0.16.2",
         "resolved": "http://ftrdsrc01.servers.ipswitch.com:8081/artifactory/api/npm/npm-virtual/axios/-/axios-0.16.2.tgz",
         "integrity": "sha1-uk+S8XFn37q0CYN4VFS5rBScPG0=",
         "requires": {
            "follow-redirects": "1.2.4",
            "is-buffer": "1.1.5"
         }
      },
      "commander": {
         "version": "2.1.0",
         "resolved": "http://ftrdsrc01.servers.ipswitch.com:8081/artifactory/api/npm/npm-virtual/commander/-/commander-2.1.0.tgz",
         "integrity": "sha1-0SG7roYNmZKj1Re6lvVliOR8Z4E="
      },
      "debug": {
         "version": "2.6.9",
         "resolved": "http://ftrdsrc01.servers.ipswitch.com:8081/artifactory/api/npm/npm-virtual/debug/-/debug-2.6.9.tgz",
         "integrity": "sha1-XRKFFd8TT/Mn6QpMk/Tgd6U2NB8=",
         "requires": {
            "ms": "2.0.0"
         }
      },
      "follow-redirects": {
         "version": "1.2.4",
         "resolved": "http://ftrdsrc01.servers.ipswitch.com:8081/artifactory/api/npm/npm-virtual/follow-redirects/-/follow-redirects-1.2.4.tgz",
         "integrity": "sha1-NV6PTRaHa0P1d7DVziZouXIyFOo=",
         "requires": {
            "debug": "2.6.9"
         }
      },
      "is-buffer": {
         "version": "1.1.5",
         "resolved": "http://ftrdsrc01.servers.ipswitch.com:8081/artifactory/api/npm/npm-virtual/is-buffer/-/is-buffer-1.1.5.tgz",
         "integrity": "sha1-Hzsm72E7IUuIy8ojzGwB2Hlh7sw="
      },
      "ms": {
         "version": "2.0.0",
         "resolved": "http://ftrdsrc01.servers.ipswitch.com:8081/artifactory/api/npm/npm-virtual/ms/-/ms-2.0.0.tgz",
         "integrity": "sha1-VgiurfwAvmwpAd9fmGF4jeDVl8g="
      },
      "n-readlines": {
         "version": "0.2.8",
         "resolved": "http://ftrdsrc01.servers.ipswitch.com:8081/artifactory/api/npm/npm-virtual/n-readlines/-/n-readlines-0.2.8.tgz",
         "integrity": "sha1-YCLwsaA0oy3Av8wOjKn71od9NBo="
      },
      "nan": {
         "version": "1.0.0",
         "resolved": "http://ftrdsrc01.servers.ipswitch.com:8081/artifactory/api/npm/npm-virtual/nan/-/nan-1.0.0.tgz",
         "integrity": "sha1-riT4hQgY1mL8q1rPfzuVv6oszzg="
      },
      "node-int64": {
         "version": "0.4.0",
         "resolved": "http://ftrdsrc01.servers.ipswitch.com:8081/artifactory/api/npm/npm-virtual/node-int64/-/node-int64-0.4.0.tgz",
         "integrity": "sha1-h6kGXNs1XTGC2PlM4RGIuCXGijs="
      },
      "options": {
         "version": "0.0.6",
         "resolved": "http://ftrdsrc01.servers.ipswitch.com:8081/artifactory/api/npm/npm-virtual/options/-/options-0.0.6.tgz",
         "integrity": "sha1-7CLTEoBrtT5zF3Pnza788cZDEo8="
      },
      "q": {
         "version": "1.0.1",
         "resolved": "http://ftrdsrc01.servers.ipswitch.com:8081/artifactory/api/npm/npm-virtual/q/-/q-1.0.1.tgz",
         "integrity": "sha1-EYcq7t7okmgRCxCnGESP+xARKhQ="
      },
      "synchronize": {
         "version": "2.0.0",
         "resolved": "http://ftrdsrc01.servers.ipswitch.com:8081/artifactory/api/npm/npm-virtual/synchronize/-/synchronize-2.0.0.tgz",
         "integrity": "sha1-teuJlkxLrW5CyqQUPK0mzvHt9CI=",
         "requires": {
            "fibers": "1.0.15"
         },
         "dependencies": {
            "fibers": {
               "version": "1.0.15",
               "resolved": "http://ftrdsrc01.servers.ipswitch.com:8081/artifactory/api/npm/npm-virtual/fibers/-/fibers-1.0.15.tgz",
               "integrity": "sha1-IvA5yPGLhWGQ+75N7PBWFUwerpw="
            }
         }
      },
      "thrift": {
         "version": "0.10.0",
         "resolved": "http://ftrdsrc01.servers.ipswitch.com:8081/artifactory/api/npm/npm-virtual/thrift/-/thrift-0.10.0.tgz",
         "integrity": "sha1-M5r2WSFnezBWCqUdb3qxuAkck3Y=",
         "requires": {
            "node-int64": "0.3.3",
            "q": "1.0.1",
            "ws": "0.4.32"
         },
         "dependencies": {
            "node-int64": {
               "version": "0.3.3",
               "resolved": "http://ftrdsrc01.servers.ipswitch.com:8081/artifactory/api/npm/npm-virtual/node-int64/-/node-int64-0.3.3.tgz",
               "integrity": "sha1-LW5rLs5d6FiLQ9iNG8QbJs0fqE0="
            }
         }
      },
      "tinycolor": {
         "version": "0.0.1",
         "resolved": "http://ftrdsrc01.servers.ipswitch.com:8081/artifactory/api/npm/npm-virtual/tinycolor/-/tinycolor-0.0.1.tgz",
         "integrity": "sha1-MgtaUtg6u1l42Bo+iH1K77FaYWQ="
      },
      "ws": {
         "version": "0.4.32",
         "resolved": "http://ftrdsrc01.servers.ipswitch.com:8081/artifactory/api/npm/npm-virtual/ws/-/ws-0.4.32.tgz",
         "integrity": "sha1-eHphVEFPPJntg8V3IVOyD+sM7DI=",
         "requires": {
            "commander": "2.1.0",
            "nan": "1.0.0",
            "options": "0.0.6",
            "tinycolor": "0.0.1"
         }
      }
   }
}
