
Microsoft Visual Studio Solution File, Format Version 12.00
# Visual Studio 15
VisualStudioVersion = 15.0.27004.2002
MinimumVisualStudioVersion = 10.0.40219.1
Project("{8BC9CEB8-8B4A-11D0-8D11-00A0C91BC942}") = "vc2017be", "vc2017be.vcxproj", "{7C8D0F0C-A1CC-4314-AC19-4C1D713DF4A3}"
EndProject
Project("{FAE04EC0-301F-11D3-BF4B-00C04F79EFBC}") = "CallerAppCS", "..\CallerAppCS\CallerAppCS.csproj", "{AEB66CD3-232D-4AEE-ADB4-895B6F5AC0B5}"
EndProject
Project("{F184B08F-C81C-45F6-A57F-5ABD9991F28F}") = "CallerAppVB", "..\CallerAppVB\CallerAppVB.vbproj", "{7BE07CDB-E019-4EA3-B601-D25BBD386140}"
EndProject
Project("{FAE04EC0-301F-11D3-BF4B-00C04F79EFBC}") = "MIANETClient", "..\MIANETClient\MIANETClient.csproj", "{F1746ECF-E6A9-45B9-B0D5-B9A7844C3C25}"
EndProject
Project("{FAE04EC0-301F-11D3-BF4B-00C04F79EFBC}") = "PSHostApp", "..\PSHostApp\PSHostApp.csproj", "{0AA6D46C-3748-4ABD-B875-53BF016011EB}"
EndProject
Global
	GlobalSection(SolutionConfigurationPlatforms) = preSolution
		Debug|Any CPU = Debug|Any CPU
		Debug|x64 = Debug|x64
		Debug|x86 = Debug|x86
		Release|Any CPU = Release|Any CPU
		Release|x64 = Release|x64
		Release|x86 = Release|x86
	EndGlobalSection
	GlobalSection(ProjectConfigurationPlatforms) = postSolution
		{7C8D0F0C-A1CC-4314-AC19-4C1D713DF4A3}.Debug|Any CPU.ActiveCfg = Debug|Win32
		{7C8D0F0C-A1CC-4314-AC19-4C1D713DF4A3}.Debug|x64.ActiveCfg = Debug|x64
		{7C8D0F0C-A1CC-4314-AC19-4C1D713DF4A3}.Debug|x64.Build.0 = Debug|x64
		{7C8D0F0C-A1CC-4314-AC19-4C1D713DF4A3}.Debug|x86.ActiveCfg = Debug|Win32
		{7C8D0F0C-A1CC-4314-AC19-4C1D713DF4A3}.Debug|x86.Build.0 = Debug|Win32
		{7C8D0F0C-A1CC-4314-AC19-4C1D713DF4A3}.Release|Any CPU.ActiveCfg = Release|Win32
		{7C8D0F0C-A1CC-4314-AC19-4C1D713DF4A3}.Release|x64.ActiveCfg = Release|x64
		{7C8D0F0C-A1CC-4314-AC19-4C1D713DF4A3}.Release|x64.Build.0 = Release|x64
		{7C8D0F0C-A1CC-4314-AC19-4C1D713DF4A3}.Release|x86.ActiveCfg = Release|Win32
		{7C8D0F0C-A1CC-4314-AC19-4C1D713DF4A3}.Release|x86.Build.0 = Release|Win32
		{AEB66CD3-232D-4AEE-ADB4-895B6F5AC0B5}.Debug|Any CPU.ActiveCfg = Debug|Any CPU
		{AEB66CD3-232D-4AEE-ADB4-895B6F5AC0B5}.Debug|Any CPU.Build.0 = Debug|Any CPU
		{AEB66CD3-232D-4AEE-ADB4-895B6F5AC0B5}.Debug|x64.ActiveCfg = Debug|Any CPU
		{AEB66CD3-232D-4AEE-ADB4-895B6F5AC0B5}.Debug|x64.Build.0 = Debug|Any CPU
		{AEB66CD3-232D-4AEE-ADB4-895B6F5AC0B5}.Debug|x86.ActiveCfg = Debug|Any CPU
		{AEB66CD3-232D-4AEE-ADB4-895B6F5AC0B5}.Debug|x86.Build.0 = Debug|Any CPU
		{AEB66CD3-232D-4AEE-ADB4-895B6F5AC0B5}.Release|Any CPU.ActiveCfg = Release|Any CPU
		{AEB66CD3-232D-4AEE-ADB4-895B6F5AC0B5}.Release|Any CPU.Build.0 = Release|Any CPU
		{AEB66CD3-232D-4AEE-ADB4-895B6F5AC0B5}.Release|x64.ActiveCfg = Release|Any CPU
		{AEB66CD3-232D-4AEE-ADB4-895B6F5AC0B5}.Release|x64.Build.0 = Release|Any CPU
		{AEB66CD3-232D-4AEE-ADB4-895B6F5AC0B5}.Release|x86.ActiveCfg = Release|Any CPU
		{AEB66CD3-232D-4AEE-ADB4-895B6F5AC0B5}.Release|x86.Build.0 = Release|Any CPU
		{7BE07CDB-E019-4EA3-B601-D25BBD386140}.Debug|Any CPU.ActiveCfg = Debug|Any CPU
		{7BE07CDB-E019-4EA3-B601-D25BBD386140}.Debug|Any CPU.Build.0 = Debug|Any CPU
		{7BE07CDB-E019-4EA3-B601-D25BBD386140}.Debug|x64.ActiveCfg = Debug|Any CPU
		{7BE07CDB-E019-4EA3-B601-D25BBD386140}.Debug|x64.Build.0 = Debug|Any CPU
		{7BE07CDB-E019-4EA3-B601-D25BBD386140}.Debug|x86.ActiveCfg = Debug|Any CPU
		{7BE07CDB-E019-4EA3-B601-D25BBD386140}.Debug|x86.Build.0 = Debug|Any CPU
		{7BE07CDB-E019-4EA3-B601-D25BBD386140}.Release|Any CPU.ActiveCfg = Release|Any CPU
		{7BE07CDB-E019-4EA3-B601-D25BBD386140}.Release|Any CPU.Build.0 = Release|Any CPU
		{7BE07CDB-E019-4EA3-B601-D25BBD386140}.Release|x64.ActiveCfg = Release|Any CPU
		{7BE07CDB-E019-4EA3-B601-D25BBD386140}.Release|x64.Build.0 = Release|Any CPU
		{7BE07CDB-E019-4EA3-B601-D25BBD386140}.Release|x86.ActiveCfg = Release|Any CPU
		{7BE07CDB-E019-4EA3-B601-D25BBD386140}.Release|x86.Build.0 = Release|Any CPU
		{F1746ECF-E6A9-45B9-B0D5-B9A7844C3C25}.Debug|Any CPU.ActiveCfg = Debug|Any CPU
		{F1746ECF-E6A9-45B9-B0D5-B9A7844C3C25}.Debug|Any CPU.Build.0 = Debug|Any CPU
		{F1746ECF-E6A9-45B9-B0D5-B9A7844C3C25}.Debug|x64.ActiveCfg = Debug|Any CPU
		{F1746ECF-E6A9-45B9-B0D5-B9A7844C3C25}.Debug|x64.Build.0 = Debug|Any CPU
		{F1746ECF-E6A9-45B9-B0D5-B9A7844C3C25}.Debug|x86.ActiveCfg = Debug|Any CPU
		{F1746ECF-E6A9-45B9-B0D5-B9A7844C3C25}.Debug|x86.Build.0 = Debug|Any CPU
		{F1746ECF-E6A9-45B9-B0D5-B9A7844C3C25}.Release|Any CPU.ActiveCfg = Release|Any CPU
		{F1746ECF-E6A9-45B9-B0D5-B9A7844C3C25}.Release|Any CPU.Build.0 = Release|Any CPU
		{F1746ECF-E6A9-45B9-B0D5-B9A7844C3C25}.Release|x64.ActiveCfg = Release|Any CPU
		{F1746ECF-E6A9-45B9-B0D5-B9A7844C3C25}.Release|x64.Build.0 = Release|Any CPU
		{F1746ECF-E6A9-45B9-B0D5-B9A7844C3C25}.Release|x86.ActiveCfg = Release|Any CPU
		{F1746ECF-E6A9-45B9-B0D5-B9A7844C3C25}.Release|x86.Build.0 = Release|Any CPU
		{0AA6D46C-3748-4ABD-B875-53BF016011EB}.Debug|Any CPU.ActiveCfg = Debug|Any CPU
		{0AA6D46C-3748-4ABD-B875-53BF016011EB}.Debug|Any CPU.Build.0 = Debug|Any CPU
		{0AA6D46C-3748-4ABD-B875-53BF016011EB}.Debug|x64.ActiveCfg = Debug|Any CPU
		{0AA6D46C-3748-4ABD-B875-53BF016011EB}.Debug|x64.Build.0 = Debug|Any CPU
		{0AA6D46C-3748-4ABD-B875-53BF016011EB}.Debug|x86.ActiveCfg = Debug|Any CPU
		{0AA6D46C-3748-4ABD-B875-53BF016011EB}.Debug|x86.Build.0 = Debug|Any CPU
		{0AA6D46C-3748-4ABD-B875-53BF016011EB}.Release|Any CPU.ActiveCfg = Release|Any CPU
		{0AA6D46C-3748-4ABD-B875-53BF016011EB}.Release|Any CPU.Build.0 = Release|Any CPU
		{0AA6D46C-3748-4ABD-B875-53BF016011EB}.Release|x64.ActiveCfg = Release|Any CPU
		{0AA6D46C-3748-4ABD-B875-53BF016011EB}.Release|x64.Build.0 = Release|Any CPU
		{0AA6D46C-3748-4ABD-B875-53BF016011EB}.Release|x86.ActiveCfg = Release|Any CPU
		{0AA6D46C-3748-4ABD-B875-53BF016011EB}.Release|x86.Build.0 = Release|Any CPU
	EndGlobalSection
	GlobalSection(SolutionProperties) = preSolution
		HideSolutionNode = FALSE
	EndGlobalSection
	GlobalSection(ExtensibilityGlobals) = postSolution
		SolutionGuid = {FDCBE7F9-EEA9-4740-AD12-7E3A6720B841}
	EndGlobalSection
EndGlobal
